
Microsoft Visual Studio Solution File, Format Version 12.00
# Visual Studio 2013
VisualStudioVersion = 12.0.21005.1
MinimumVisualStudioVersion = 10.0.40219.1
Project("{8BC9CEB8-8B4A-11D0-8D11-00A0C91BC942}") = "dmcNode", "dmcNode.vcxproj", "{9FE0D648-E719-4998-A8CC-5A88475E9564}"
	ProjectSection(ProjectDependencies) = postProject
		{7967693A-7E11-4AA2-A7AB-63DC9D87576E} = {7967693A-7E11-4AA2-A7AB-63DC9D87576E}
	EndProjectSection
EndProject
Project("{8BC9CEB8-8B4A-11D0-8D11-00A0C91BC942}") = "dmclib", "..\..\lib\dmclib\dmclib.vcxproj", "{7967693A-7E11-4AA2-A7AB-63DC9D87576E}"
EndProject
Global
	GlobalSection(SolutionConfigurationPlatforms) = preSolution
		Debug|Win32 = Debug|Win32
		Release|Win32 = Release|Win32
	EndGlobalSection
	GlobalSection(ProjectConfigurationPlatforms) = postSolution
		{9FE0D648-E719-4998-A8CC-5A88475E9564}.Debug|Win32.ActiveCfg = Debug|Win32
		{9FE0D648-E719-4998-A8CC-5A88475E9564}.Debug|Win32.Build.0 = Debug|Win32
		{9FE0D648-E719-4998-A8CC-5A88475E9564}.Release|Win32.ActiveCfg = Release|Win32
		{9FE0D648-E719-4998-A8CC-5A88475E9564}.Release|Win32.Build.0 = Release|Win32
		{7967693A-7E11-4AA2-A7AB-63DC9D87576E}.Debug|Win32.ActiveCfg = Debug|Win32
		{7967693A-7E11-4AA2-A7AB-63DC9D87576E}.Debug|Win32.Build.0 = Debug|Win32
		{7967693A-7E11-4AA2-A7AB-63DC9D87576E}.Release|Win32.ActiveCfg = Release|Win32
		{7967693A-7E11-4AA2-A7AB-63DC9D87576E}.Release|Win32.Build.0 = Release|Win32
	EndGlobalSection
	GlobalSection(SolutionProperties) = preSolution
		HideSolutionNode = FALSE
	EndGlobalSection
EndGlobal
