<?xml version="1.0" encoding="utf-8"?>
<Project ToolsVersion="4.0" xmlns="http://schemas.microsoft.com/developer/msbuild/2003">
  <ItemGroup>
    <Filter Include="Source Files">
      <UniqueIdentifier>{4FC737F1-C7A5-4376-A066-2A32D752A2FF}</UniqueIdentifier>
      <Extensions>cpp;c;cc;cxx;def;odl;idl;hpj;bat;asm;asmx</Extensions>
    </Filter>
    <Filter Include="Header Files">
      <UniqueIdentifier>{93995380-89BD-4b04-88EB-625FBE52EBFB}</UniqueIdentifier>
      <Extensions>h;hh;hpp;hxx;hm;inl;inc;xsd</Extensions>
    </Filter>
    <Filter Include="Resource Files">
      <UniqueIdentifier>{67DA6AB6-F800-4c08-8B7A-83BB121AAD01}</UniqueIdentifier>
      <Extensions>rc;ico;cur;bmp;dlg;rc2;rct;bin;rgs;gif;jpg;jpeg;jpe;resx;tiff;tif;png;wav;mfcribbon-ms</Extensions>
    </Filter>
    <Filter Include="Source Files\core">
      <UniqueIdentifier>{85b4b0e7-e2d8-47b2-b440-87e44dc27a92}</UniqueIdentifier>
    </Filter>
    <Filter Include="Source Files\core\time">
      <UniqueIdentifier>{432fc3f1-3961-4e04-b703-82eb349d0713}</UniqueIdentifier>
    </Filter>
    <Filter Include="Source Files\core\serial">
      <UniqueIdentifier>{d84a9786-9fa0-4bdc-b3ac-b19f4b9a1c34}</UniqueIdentifier>
    </Filter>
    <Filter Include="Source Files\core\comm">
      <UniqueIdentifier>{08f20c00-4b1e-4d5c-ae05-4dbfae2108d7}</UniqueIdentifier>
    </Filter>
    <Filter Include="Source Files\core\comm\socket">
      <UniqueIdentifier>{6ef5b0a5-eaae-4842-8ccb-64a584688622}</UniqueIdentifier>
    </Filter>
    <Filter Include="Source Files\core\comm\http">
      <UniqueIdentifier>{1a034952-7b43-42d3-8223-c974a7554de4}</UniqueIdentifier>
    </Filter>
    <Filter Include="Source Files\core\comm\json">
      <UniqueIdentifier>{61a881da-05e3-4cf0-8482-f65a2f43cd11}</UniqueIdentifier>
    </Filter>
    <Filter Include="Source Files\core\platform">
      <UniqueIdentifier>{d34592cc-4cd7-4bb9-86f5-2f91c3cfbc1f}</UniqueIdentifier>
    </Filter>
    <Filter Include="Source Files\core\platform\file">
      <UniqueIdentifier>{60b770c2-238c-4eb1-b429-d13b52e9a212}</UniqueIdentifier>
    </Filter>
    <Filter Include="Source Files\core\comm\http\response">
      <UniqueIdentifier>{99d14d9d-1f54-467f-ae27-4db807e47289}</UniqueIdentifier>
    </Filter>
    <Filter Include="Source Files\home">
      <UniqueIdentifier>{2a477feb-c255-4679-ba8b-a23e85fe1938}</UniqueIdentifier>
    </Filter>
    <Filter Include="Source Files\home\device">
      <UniqueIdentifier>{bcc1dc54-bd93-4c92-a676-eef5666972c3}</UniqueIdentifier>
    </Filter>
    <Filter Include="Source Files\core\comm\http\request">
      <UniqueIdentifier>{2c27a9e7-6578-4fcc-bdb2-8095f7d5171b}</UniqueIdentifier>
    </Filter>
    <Filter Include="Source Files\core\comm\json\rpc">
      <UniqueIdentifier>{e32e7cdd-be97-4078-9753-9f1cf96ba992}</UniqueIdentifier>
    </Filter>
  </ItemGroup>
  <ItemGroup>
    <ClCompile Include="src\core\time\time.cpp">
      <Filter>Source Files\core\time</Filter>
    </ClCompile>
    <ClCompile Include="src\core\serial\SerialLinux.cpp">
      <Filter>Source Files\core\serial</Filter>
    </ClCompile>
    <ClCompile Include="src\core\serial\serialWin32.cpp">
      <Filter>Source Files\core\serial</Filter>
    </ClCompile>
    <ClCompile Include="src\core\comm\socket\socketWin32.cpp">
      <Filter>Source Files\core\comm\socket</Filter>
    </ClCompile>
    <ClCompile Include="src\core\comm\socket\socket.cpp">
      <Filter>Source Files\core\comm\socket</Filter>
    </ClCompile>
    <ClCompile Include="src\core\comm\json\json.cpp">
      <Filter>Source Files\core\comm\json</Filter>
    </ClCompile>
    <ClCompile Include="src\core\platfrom\file\file.cpp">
      <Filter>Source Files\core\platform\file</Filter>
    </ClCompile>
    <ClCompile Include="src\core\comm\http\httpServer.cpp">
      <Filter>Source Files\core\comm\http</Filter>
    </ClCompile>
    <ClCompile Include="src\core\comm\socket\socketServer.cpp">
      <Filter>Source Files\core\comm\socket</Filter>
    </ClCompile>
    <ClCompile Include="src\core\comm\http\httpRequest.cpp">
      <Filter>Source Files\core\comm\http</Filter>
    </ClCompile>
    <ClCompile Include="src\core\comm\http\httpClient.cpp">
      <Filter>Source Files\core\comm\http</Filter>
    </ClCompile>
    <ClCompile Include="src\core\comm\http\httpResponse.cpp">
      <Filter>Source Files\core\comm\http</Filter>
    </ClCompile>
    <ClCompile Include="src\core\comm\http\response\jsonResponse.cpp">
      <Filter>Source Files\core\comm\http\response</Filter>
    </ClCompile>
    <ClCompile Include="src\core\comm\http\response\htmlResponse.cpp">
      <Filter>Source Files\core\comm\http\response</Filter>
    </ClCompile>
    <ClCompile Include="src\core\comm\http\httpMessage.cpp">
      <Filter>Source Files\core\comm\http</Filter>
    </ClCompile>
    <ClCompile Include="src\core\comm\json\rpc\jsonRpc.cpp">
      <Filter>Source Files\core\comm\json\rpc</Filter>
    </ClCompile>
  </ItemGroup>
  <ItemGroup>
    <ClInclude Include="src\core\time\time.h">
      <Filter>Source Files\core\time</Filter>
    </ClInclude>
    <ClInclude Include="src\core\serial\serial.h">
      <Filter>Source Files\core\serial</Filter>
    </ClInclude>
    <ClInclude Include="src\core\serial\SerialLinux.h">
      <Filter>Source Files\core\serial</Filter>
    </ClInclude>
    <ClInclude Include="src\core\serial\serialWin32.h">
      <Filter>Source Files\core\serial</Filter>
    </ClInclude>
    <ClInclude Include="src\core\comm\socket\socket.h">
      <Filter>Source Files\core\comm\socket</Filter>
    </ClInclude>
    <ClInclude Include="src\core\comm\socket\socketWin32.h">
      <Filter>Source Files\core\comm\socket</Filter>
    </ClInclude>
    <ClInclude Include="src\core\comm\json\json.h">
      <Filter>Source Files\core\comm\json</Filter>
    </ClInclude>
    <ClInclude Include="src\core\platfrom\file\file.h">
      <Filter>Source Files\core\platform\file</Filter>
    </ClInclude>
    <ClInclude Include="src\core\comm\http\httpRequest.h">
      <Filter>Source Files\core\comm\http</Filter>
    </ClInclude>
    <ClInclude Include="src\core\comm\http\httpServer.h">
      <Filter>Source Files\core\comm\http</Filter>
    </ClInclude>
    <ClInclude Include="src\core\comm\socket\socketServer.h">
      <Filter>Source Files\core\comm\socket</Filter>
    </ClInclude>
    <ClInclude Include="src\core\comm\http\httpClient.h">
      <Filter>Source Files\core\comm\http</Filter>
    </ClInclude>
    <ClInclude Include="src\core\comm\http\httpResponse.h">
      <Filter>Source Files\core\comm\http</Filter>
    </ClInclude>
    <ClInclude Include="src\core\comm\http\response\jsonResponse.h">
      <Filter>Source Files\core\comm\http\response</Filter>
    </ClInclude>
    <ClInclude Include="src\core\comm\http\response\htmlResponse.h">
      <Filter>Source Files\core\comm\http\response</Filter>
    </ClInclude>
    <ClInclude Include="src\core\comm\socket\socketLinux.h">
      <Filter>Source Files\core\comm\socket</Filter>
    </ClInclude>
    <ClInclude Include="src\core\comm\http\response\response404.h">
      <Filter>Source Files\core\comm\http\response</Filter>
    </ClInclude>
    <ClInclude Include="src\core\comm\http\response\response200.h">
      <Filter>Source Files\core\comm\http\response</Filter>
    </ClInclude>
    <ClInclude Include="src\home\device.h">
      <Filter>Source Files\home</Filter>
    </ClInclude>
    <ClInclude Include="src\home\device\actuator.h">
      <Filter>Source Files\home\device</Filter>
    </ClInclude>
    <ClInclude Include="src\home\device\sensor.h">
      <Filter>Source Files\home\device</Filter>
    </ClInclude>
    <ClInclude Include="src\core\comm\http\request\jsonRequest.h">
      <Filter>Source Files\core\comm\http\request</Filter>
    </ClInclude>
    <ClInclude Include="src\core\comm\http\httpMessage.h">
      <Filter>Source Files\core\comm\http</Filter>
    </ClInclude>
    <ClInclude Include="src\core\comm\json\rpc\jsonRpc.h">
      <Filter>Source Files\core\comm\json\rpc</Filter>
    </ClInclude>
  </ItemGroup>
</Project>