<?xml version="1.0" encoding="utf-8"?>
<Project ToolsVersion="4.0" xmlns="http://schemas.microsoft.com/developer/msbuild/2003">
  <ItemGroup>
    <Filter Include="Source Files">
      <UniqueIdentifier>{4FC737F1-C7A5-4376-A066-2A32D752A2FF}</UniqueIdentifier>
      <Extensions>cpp;c;cc;cxx;def;odl;idl;hpj;bat;asm;asmx</Extensions>
    </Filter>
    <Filter Include="Header Files">
      <UniqueIdentifier>{93995380-89BD-4b04-88EB-625FBE52EBFB}</UniqueIdentifier>
      <Extensions>h;hh;hpp;hxx;hm;inl;inc;xsd</Extensions>
    </Filter>
    <Filter Include="Resource Files">
      <UniqueIdentifier>{67DA6AB6-F800-4c08-8B7A-83BB121AAD01}</UniqueIdentifier>
      <Extensions>rc;ico;cur;bmp;dlg;rc2;rct;bin;rgs;gif;jpg;jpeg;jpe;resx;tiff;tif;png;wav;mfcribbon-ms</Extensions>
    </Filter>
    <Filter Include="Source Files\public">
      <UniqueIdentifier>{22dee62e-b3e3-4d36-8860-ce6a16e25447}</UniqueIdentifier>
    </Filter>
    <Filter Include="Source Files\user">
      <UniqueIdentifier>{2b2b30ef-edef-4e70-b5f4-53c8f9cded0a}</UniqueIdentifier>
    </Filter>
    <Filter Include="Source Files\home">
      <UniqueIdentifier>{6e23abb6-719b-4596-816b-cecc6adf07ce}</UniqueIdentifier>
    </Filter>
    <Filter Include="Source Files\home\device">
      <UniqueIdentifier>{e1542581-e8a1-4778-a0ab-b8c365218d07}</UniqueIdentifier>
    </Filter>
    <Filter Include="Source Files\home\device\hue">
      <UniqueIdentifier>{3f751167-1c72-4f02-95e1-24ee93516de9}</UniqueIdentifier>
    </Filter>
  </ItemGroup>
  <ItemGroup>
    <ClCompile Include="src\dmcServer.cpp">
      <Filter>Source Files</Filter>
    </ClCompile>
    <ClCompile Include="src\main.cpp">
      <Filter>Source Files</Filter>
    </ClCompile>
    <ClCompile Include="src\public\publicService.cpp">
      <Filter>Source Files\public</Filter>
    </ClCompile>
    <ClCompile Include="src\user\user.cpp">
      <Filter>Source Files\user</Filter>
    </ClCompile>
  </ItemGroup>
  <ItemGroup>
    <ClInclude Include="src\dmcServer.h">
      <Filter>Source Files</Filter>
    </ClInclude>
    <ClInclude Include="src\public\publicService.h">
      <Filter>Source Files\public</Filter>
    </ClInclude>
    <ClInclude Include="src\user\user.h">
      <Filter>Source Files\user</Filter>
    </ClInclude>
    <ClInclude Include="src\home\room.h">
      <Filter>Source Files\home</Filter>
    </ClInclude>
    <ClInclude Include="src\home\device.h">
      <Filter>Source Files\home</Filter>
    </ClInclude>
    <ClInclude Include="src\home\device\hue\hueLight.h">
      <Filter>Source Files\home\device\hue</Filter>
    </ClInclude>
    <ClInclude Include="src\home\device\actuator.h">
      <Filter>Source Files\home\device</Filter>
    </ClInclude>
  </ItemGroup>
</Project>