<?xml version="1.0" encoding="utf-8"?>
<Project ToolsVersion="4.0" xmlns="http://schemas.microsoft.com/developer/msbuild/2003">
  <ItemGroup>
    <Filter Include="Source Files">
      <UniqueIdentifier>{4FC737F1-C7A5-4376-A066-2A32D752A2FF}</UniqueIdentifier>
      <Extensions>cpp;c;cc;cxx;def;odl;idl;hpj;bat;asm;asmx</Extensions>
    </Filter>
    <Filter Include="Header Files">
      <UniqueIdentifier>{93995380-89BD-4b04-88EB-625FBE52EBFB}</UniqueIdentifier>
      <Extensions>h;hh;hpp;hxx;hm;inl;inc;xsd</Extensions>
    </Filter>
    <Filter Include="Resource Files">
      <UniqueIdentifier>{67DA6AB6-F800-4c08-8B7A-83BB121AAD01}</UniqueIdentifier>
      <Extensions>rc;ico;cur;bmp;dlg;rc2;rct;bin;rgs;gif;jpg;jpeg;jpe;resx;tiff;tif;png;wav;mfcribbon-ms</Extensions>
    </Filter>
    <Filter Include="Source Files\service">
      <UniqueIdentifier>{0b506cd2-bd1b-49e2-9894-6b8345f84d97}</UniqueIdentifier>
    </Filter>
    <Filter Include="Source Files\device">
      <UniqueIdentifier>{c7c97c65-7ea6-4418-aef3-e1fac58fefc9}</UniqueIdentifier>
    </Filter>
    <Filter Include="Source Files\providers">
      <UniqueIdentifier>{43043a34-7bbc-48fb-9df4-b00fda808f97}</UniqueIdentifier>
    </Filter>
    <Filter Include="Source Files\service\user">
      <UniqueIdentifier>{96d4c360-3300-417e-bf7d-49653fc5e204}</UniqueIdentifier>
    </Filter>
    <Filter Include="Source Files\service\userAdmin">
      <UniqueIdentifier>{6843fb43-6f88-4ef4-a237-932a66a7daf2}</UniqueIdentifier>
    </Filter>
    <Filter Include="Source Files\providers\scheduler">
      <UniqueIdentifier>{c3131bb1-2a99-46c8-9c36-4ebbd68a201a}</UniqueIdentifier>
    </Filter>
    <Filter Include="Source Files\providers\events">
      <UniqueIdentifier>{d503dac5-c82a-4180-9514-e35d1b949383}</UniqueIdentifier>
    </Filter>
    <Filter Include="Source Files\providers\cloud">
      <UniqueIdentifier>{2274fd9c-2d2b-4f2e-ade7-e461771229d1}</UniqueIdentifier>
    </Filter>
    <Filter Include="Source Files\device\hue">
      <UniqueIdentifier>{5c96905c-35bc-4bfd-a8e7-713682494675}</UniqueIdentifier>
    </Filter>
    <Filter Include="Source Files\service\user\device">
      <UniqueIdentifier>{d455dbd2-97d7-47c7-a3e8-2bbe084b9dfc}</UniqueIdentifier>
    </Filter>
  </ItemGroup>
  <ItemGroup>
    <ClCompile Include="src\dmcServer.cpp">
      <Filter>Source Files</Filter>
    </ClCompile>
    <ClCompile Include="src\main.cpp">
      <Filter>Source Files</Filter>
    </ClCompile>
    <ClCompile Include="src\service\user\user.cpp">
      <Filter>Source Files\service\user</Filter>
    </ClCompile>
    <ClCompile Include="src\provider\deviceMgr.cpp">
      <Filter>Source Files\providers</Filter>
    </ClCompile>
    <ClCompile Include="src\provider\deviceFactory.cpp">
      <Filter>Source Files\providers</Filter>
    </ClCompile>
    <ClCompile Include="src\device\hue\hueLight.cpp">
      <Filter>Source Files\device\hue</Filter>
    </ClCompile>
    <ClCompile Include="src\device\hue\hueBridge.cpp">
      <Filter>Source Files\device\hue</Filter>
    </ClCompile>
    <ClCompile Include="src\provider\persistence.cpp">
      <Filter>Source Files\providers</Filter>
    </ClCompile>
    <ClCompile Include="src\service\user\device\scene.cpp">
      <Filter>Source Files\service\user\device</Filter>
    </ClCompile>
  </ItemGroup>
  <ItemGroup>
    <ClInclude Include="src\dmcServer.h">
      <Filter>Source Files</Filter>
    </ClInclude>
    <ClInclude Include="src\device\hue\hueLight.h">
      <Filter>Source Files\device\hue</Filter>
    </ClInclude>
    <ClInclude Include="src\provider\deviceFactory.h">
      <Filter>Source Files\providers</Filter>
    </ClInclude>
    <ClInclude Include="src\service\user\room.h">
      <Filter>Source Files\service\user</Filter>
    </ClInclude>
    <ClInclude Include="src\service\user\user.h">
      <Filter>Source Files\service\user</Filter>
    </ClInclude>
    <ClInclude Include="src\service\public\hubInfo.h">
      <Filter>Source Files\service</Filter>
    </ClInclude>
    <ClInclude Include="src\provider\deviceMgr.h">
      <Filter>Source Files\providers</Filter>
    </ClInclude>
    <ClInclude Include="src\device\hue\hueBridge.h">
      <Filter>Source Files\device\hue</Filter>
    </ClInclude>
    <ClInclude Include="src\provider\persistence.h">
      <Filter>Source Files\providers</Filter>
    </ClInclude>
    <ClInclude Include="src\service\user\device\scene.h">
      <Filter>Source Files\service\user\device</Filter>
    </ClInclude>
  </ItemGroup>
</Project>